
Microsoft Visual Studio Solution File, Format Version 12.00
# Visual Studio Version 16
VisualStudioVersion = 16.0.30011.22
MinimumVisualStudioVersion = 10.0.40219.1
Project("{9A19103F-16F7-4668-BE54-9A1E7A4F7556}") = "irwene-discord-bot-console", "irwene-discord-bot\irwene-discord-bot-console.csproj", "{65FAC5A0-9391-4FE9-AA1C-F734B1C57AF2}"
EndProject
Project("{9A19103F-16F7-4668-BE54-9A1E7A4F7556}") = "DiscordBot.Service", "DiscordBot.Service\DiscordBot.Service.csproj", "{9CF6B46D-FFBA-4B07-9D5F-3654D7EBF58B}"
EndProject
Project("{2150E333-8FDC-42A3-9474-1A3956D46DE8}") = "Solution Items", "Solution Items", "{91037A7B-C4A1-4EB0-A9F4-EB6EC4DB8542}"
	ProjectSection(SolutionItems) = preProject
		.editorconfig = .editorconfig
	EndProjectSection
EndProject
Project("{9A19103F-16F7-4668-BE54-9A1E7A4F7556}") = "irwene-discord-bot-aspcore", "irwene-discord-bot-aspcore\irwene-discord-bot-aspcore.csproj", "{CCA6FDF7-533B-49E7-BAAA-5A3D531FC2A9}"
EndProject
Global
	GlobalSection(SolutionConfigurationPlatforms) = preSolution
		Debug|Any CPU = Debug|Any CPU
		Release|Any CPU = Release|Any CPU
	EndGlobalSection
	GlobalSection(ProjectConfigurationPlatforms) = postSolution
		{65FAC5A0-9391-4FE9-AA1C-F734B1C57AF2}.Debug|Any CPU.ActiveCfg = Debug|Any CPU
		{65FAC5A0-9391-4FE9-AA1C-F734B1C57AF2}.Debug|Any CPU.Build.0 = Debug|Any CPU
		{65FAC5A0-9391-4FE9-AA1C-F734B1C57AF2}.Release|Any CPU.ActiveCfg = Release|Any CPU
		{65FAC5A0-9391-4FE9-AA1C-F734B1C57AF2}.Release|Any CPU.Build.0 = Release|Any CPU
		{9CF6B46D-FFBA-4B07-9D5F-3654D7EBF58B}.Debug|Any CPU.ActiveCfg = Debug|Any CPU
		{9CF6B46D-FFBA-4B07-9D5F-3654D7EBF58B}.Debug|Any CPU.Build.0 = Debug|Any CPU
		{9CF6B46D-FFBA-4B07-9D5F-3654D7EBF58B}.Release|Any CPU.ActiveCfg = Release|Any CPU
		{9CF6B46D-FFBA-4B07-9D5F-3654D7EBF58B}.Release|Any CPU.Build.0 = Release|Any CPU
		{CCA6FDF7-533B-49E7-BAAA-5A3D531FC2A9}.Debug|Any CPU.ActiveCfg = Debug|Any CPU
		{CCA6FDF7-533B-49E7-BAAA-5A3D531FC2A9}.Debug|Any CPU.Build.0 = Debug|Any CPU
		{CCA6FDF7-533B-49E7-BAAA-5A3D531FC2A9}.Release|Any CPU.ActiveCfg = Release|Any CPU
		{CCA6FDF7-533B-49E7-BAAA-5A3D531FC2A9}.Release|Any CPU.Build.0 = Release|Any CPU
	EndGlobalSection
	GlobalSection(SolutionProperties) = preSolution
		HideSolutionNode = FALSE
	EndGlobalSection
	GlobalSection(ExtensibilityGlobals) = postSolution
		SolutionGuid = {CC6A0C67-88BB-4DB0-A199-3B8BE8044A96}
	EndGlobalSection
EndGlobal
